
Microsoft Visual Studio Solution File, Format Version 12.00
# Visual Studio Version 17
VisualStudioVersion = 17.3.32929.385
MinimumVisualStudioVersion = 10.0.40219.1
Project("{FAE04EC0-301F-11D3-BF4B-00C04F79EFBC}") = "1", "1\1.csproj", "{47E3B279-CDE8-4FF6-9886-6BA39D6B8FA3}"
EndProject
Global
	GlobalSection(SolutionConfigurationPlatforms) = preSolution
		Debug|Any CPU = Debug|Any CPU
		Release|Any CPU = Release|Any CPU
	EndGlobalSection
	GlobalSection(ProjectConfigurationPlatforms) = postSolution
		{47E3B279-CDE8-4FF6-9886-6BA39D6B8FA3}.Debug|Any CPU.ActiveCfg = Debug|Any CPU
		{47E3B279-CDE8-4FF6-9886-6BA39D6B8FA3}.Debug|Any CPU.Build.0 = Debug|Any CPU
		{47E3B279-CDE8-4FF6-9886-6BA39D6B8FA3}.Release|Any CPU.ActiveCfg = Release|Any CPU
		{47E3B279-CDE8-4FF6-9886-6BA39D6B8FA3}.Release|Any CPU.Build.0 = Release|Any CPU
	EndGlobalSection
	GlobalSection(SolutionProperties) = preSolution
		HideSolutionNode = FALSE
	EndGlobalSection
	GlobalSection(ExtensibilityGlobals) = postSolution
		SolutionGuid = {47142594-885B-478C-B8CF-C265FABA3C49}
	EndGlobalSection
EndGlobal
